// !$*UTF8*$!
{
	archiveVersion = 1;
	classes = {
	};
	objectVersion = 51;
	objects = {

/* Begin PBXBuildFile section */
		270DF7AD236BD05600311FBB /* Data.swift in Sources */ = {isa = PBXBuildFile; fileRef = 270DF7AC236BD05600311FBB /* Data.swift */; };
		27966970236139EA001704CB /* DataModel.xcdatamodeld in Sources */ = {isa = PBXBuildFile; fileRef = 2796696E236139EA001704CB /* DataModel.xcdatamodeld */; };
		27B129002367E745004655D0 /* CategoryTableViewController.swift in Sources */ = {isa = PBXBuildFile; fileRef = 27B128FF2367E745004655D0 /* CategoryTableViewController.swift */; };
		27E60C952357FA050047F60A /* AppDelegate.swift in Sources */ = {isa = PBXBuildFile; fileRef = 27E60C942357FA050047F60A /* AppDelegate.swift */; };
		27E60C972357FA050047F60A /* SceneDelegate.swift in Sources */ = {isa = PBXBuildFile; fileRef = 27E60C962357FA050047F60A /* SceneDelegate.swift */; };
		27E60C992357FA050047F60A /* TodoListViewController.swift in Sources */ = {isa = PBXBuildFile; fileRef = 27E60C982357FA050047F60A /* TodoListViewController.swift */; };
		27E60C9C2357FA050047F60A /* Main.storyboard in Resources */ = {isa = PBXBuildFile; fileRef = 27E60C9A2357FA050047F60A /* Main.storyboard */; };
		27E60C9E2357FA060047F60A /* Assets.xcassets in Resources */ = {isa = PBXBuildFile; fileRef = 27E60C9D2357FA060047F60A /* Assets.xcassets */; };
		27E60CA12357FA060047F60A /* LaunchScreen.storyboard in Resources */ = {isa = PBXBuildFile; fileRef = 27E60C9F2357FA060047F60A /* LaunchScreen.storyboard */; };
		A925ABDB43F02F5DB2C46557 /* Pods_Todoey.framework in Frameworks */ = {isa = PBXBuildFile; fileRef = C8B935DCAAEAD11B6BC6F803 /* Pods_Todoey.framework */; };
/* End PBXBuildFile section */

/* Begin PBXFileReference section */
		270DF7AC236BD05600311FBB /* Data.swift */ = {isa = PBXFileReference; lastKnownFileType = sourcecode.swift; path = Data.swift; sourceTree = "<group>"; };
		2796696F236139EA001704CB /* DataModel.xcdatamodel */ = {isa = PBXFileReference; lastKnownFileType = wrapper.xcdatamodel; path = DataModel.xcdatamodel; sourceTree = "<group>"; };
		27B128FF2367E745004655D0 /* CategoryTableViewController.swift */ = {isa = PBXFileReference; lastKnownFileType = sourcecode.swift; name = CategoryTableViewController.swift; path = Todoey/Controllers/CategoryTableViewController.swift; sourceTree = SOURCE_ROOT; };
		27E60C912357FA050047F60A /* Todoey.app */ = {isa = PBXFileReference; explicitFileType = wrapper.application; includeInIndex = 0; path = Todoey.app; sourceTree = BUILT_PRODUCTS_DIR; };
		27E60C942357FA050047F60A /* AppDelegate.swift */ = {isa = PBXFileReference; lastKnownFileType = sourcecode.swift; path = AppDelegate.swift; sourceTree = "<group>"; };
		27E60C962357FA050047F60A /* SceneDelegate.swift */ = {isa = PBXFileReference; lastKnownFileType = sourcecode.swift; path = SceneDelegate.swift; sourceTree = "<group>"; };
		27E60C982357FA050047F60A /* TodoListViewController.swift */ = {isa = PBXFileReference; lastKnownFileType = sourcecode.swift; path = TodoListViewController.swift; sourceTree = "<group>"; };
		27E60C9B2357FA050047F60A /* Base */ = {isa = PBXFileReference; lastKnownFileType = file.storyboard; name = Base; path = Base.lproj/Main.storyboard; sourceTree = "<group>"; };
		27E60C9D2357FA060047F60A /* Assets.xcassets */ = {isa = PBXFileReference; lastKnownFileType = folder.assetcatalog; path = Assets.xcassets; sourceTree = "<group>"; };
		27E60CA02357FA060047F60A /* Base */ = {isa = PBXFileReference; lastKnownFileType = file.storyboard; name = Base; path = Base.lproj/LaunchScreen.storyboard; sourceTree = "<group>"; };
		27E60CA22357FA060047F60A /* Info.plist */ = {isa = PBXFileReference; lastKnownFileType = text.plist.xml; path = Info.plist; sourceTree = "<group>"; };
		286AA81201179DA32B153C5D /* Pods-Todoey.release.xcconfig */ = {isa = PBXFileReference; includeInIndex = 1; lastKnownFileType = text.xcconfig; name = "Pods-Todoey.release.xcconfig"; path = "Target Support Files/Pods-Todoey/Pods-Todoey.release.xcconfig"; sourceTree = "<group>"; };
		8B6FB544F7CF29B876E48BFF /* Pods-Todoey.debug.xcconfig */ = {isa = PBXFileReference; includeInIndex = 1; lastKnownFileType = text.xcconfig; name = "Pods-Todoey.debug.xcconfig"; path = "Target Support Files/Pods-Todoey/Pods-Todoey.debug.xcconfig"; sourceTree = "<group>"; };
		C8B935DCAAEAD11B6BC6F803 /* Pods_Todoey.framework */ = {isa = PBXFileReference; explicitFileType = wrapper.framework; includeInIndex = 0; path = Pods_Todoey.framework; sourceTree = BUILT_PRODUCTS_DIR; };
/* End PBXFileReference section */

/* Begin PBXFrameworksBuildPhase section */
		27E60C8E2357FA050047F60A /* Frameworks */ = {
			isa = PBXFrameworksBuildPhase;
			buildActionMask = 2147483647;
			files = (
				A925ABDB43F02F5DB2C46557 /* Pods_Todoey.framework in Frameworks */,
			);
			runOnlyForDeploymentPostprocessing = 0;
		};
/* End PBXFrameworksBuildPhase section */

/* Begin PBXGroup section */
		2796696A235FE020001704CB /* Data Model */ = {
			isa = PBXGroup;
			children = (
				270DF7AC236BD05600311FBB /* Data.swift */,
				2796696E236139EA001704CB /* DataModel.xcdatamodeld */,
			);
			path = "Data Model";
			sourceTree = "<group>";
		};
		2796696B235FE046001704CB /* Views */ = {
			isa = PBXGroup;
			children = (
				27E60C9A2357FA050047F60A /* Main.storyboard */,
			);
			path = Views;
			sourceTree = "<group>";
		};
		2796696C235FE07B001704CB /* Controllers */ = {
			isa = PBXGroup;
			children = (
				27B128FF2367E745004655D0 /* CategoryTableViewController.swift */,
				27E60C982357FA050047F60A /* TodoListViewController.swift */,
			);
			path = Controllers;
			sourceTree = "<group>";
		};
		2796696D235FE0D4001704CB /* Supporting Files */ = {
			isa = PBXGroup;
			children = (
				27E60C9D2357FA060047F60A /* Assets.xcassets */,
				27E60C9F2357FA060047F60A /* LaunchScreen.storyboard */,
			);
			path = "Supporting Files";
			sourceTree = "<group>";
		};
		27E60C882357FA050047F60A = {
			isa = PBXGroup;
			children = (
				27E60C932357FA050047F60A /* Todoey */,
				27E60C922357FA050047F60A /* Products */,
				4CF2DEC8E083C8C03D8D6F2F /* Pods */,
				A42E002B756BC74D2DBDE9A7 /* Frameworks */,
			);
			sourceTree = "<group>";
		};
		27E60C922357FA050047F60A /* Products */ = {
			isa = PBXGroup;
			children = (
				27E60C912357FA050047F60A /* Todoey.app */,
			);
			name = Products;
			sourceTree = "<group>";
		};
		27E60C932357FA050047F60A /* Todoey */ = {
			isa = PBXGroup;
			children = (
				27E60C942357FA050047F60A /* AppDelegate.swift */,
				2796696A235FE020001704CB /* Data Model */,
				27E60C962357FA050047F60A /* SceneDelegate.swift */,
				2796696C235FE07B001704CB /* Controllers */,
				2796696B235FE046001704CB /* Views */,
				2796696D235FE0D4001704CB /* Supporting Files */,
				27E60CA22357FA060047F60A /* Info.plist */,
			);
			path = Todoey;
			sourceTree = "<group>";
		};
		4CF2DEC8E083C8C03D8D6F2F /* Pods */ = {
			isa = PBXGroup;
			children = (
				8B6FB544F7CF29B876E48BFF /* Pods-Todoey.debug.xcconfig */,
				286AA81201179DA32B153C5D /* Pods-Todoey.release.xcconfig */,
			);
			path = Pods;
			sourceTree = "<group>";
		};
		A42E002B756BC74D2DBDE9A7 /* Frameworks */ = {
			isa = PBXGroup;
			children = (
				C8B935DCAAEAD11B6BC6F803 /* Pods_Todoey.framework */,
			);
			name = Frameworks;
			sourceTree = "<group>";
		};
/* End PBXGroup section */

/* Begin PBXNativeTarget section */
		27E60C902357FA050047F60A /* Todoey */ = {
			isa = PBXNativeTarget;
			buildConfigurationList = 27E60CA52357FA060047F60A /* Build configuration list for PBXNativeTarget "Todoey" */;
			buildPhases = (
				BCE05D55BB1D31DFF6AB5DA4 /* [CP] Check Pods Manifest.lock */,
				27E60C8D2357FA050047F60A /* Sources */,
				27E60C8E2357FA050047F60A /* Frameworks */,
				27E60C8F2357FA050047F60A /* Resources */,
				99905BC3B7AD09F1853AB696 /* [CP] Embed Pods Frameworks */,
			);
			buildRules = (
			);
			dependencies = (
			);
			name = Todoey;
			productName = Todoey;
			productReference = 27E60C912357FA050047F60A /* Todoey.app */;
			productType = "com.apple.product-type.application";
		};
/* End PBXNativeTarget section */

/* Begin PBXProject section */
		27E60C892357FA050047F60A /* Project object */ = {
			isa = PBXProject;
			attributes = {
				LastSwiftUpdateCheck = 1110;
				LastUpgradeCheck = 1110;
				ORGANIZATIONNAME = "Samuel Lopez";
				TargetAttributes = {
					27E60C902357FA050047F60A = {
						CreatedOnToolsVersion = 11.1;
					};
				};
			};
			buildConfigurationList = 27E60C8C2357FA050047F60A /* Build configuration list for PBXProject "Todoey" */;
			compatibilityVersion = "Xcode 9.3";
			developmentRegion = en;
			hasScannedForEncodings = 0;
			knownRegions = (
				en,
				Base,
			);
			mainGroup = 27E60C882357FA050047F60A;
			productRefGroup = 27E60C922357FA050047F60A /* Products */;
			projectDirPath = "";
			projectRoot = "";
			targets = (
				27E60C902357FA050047F60A /* Todoey */,
			);
		};
/* End PBXProject section */

/* Begin PBXResourcesBuildPhase section */
		27E60C8F2357FA050047F60A /* Resources */ = {
			isa = PBXResourcesBuildPhase;
			buildActionMask = 2147483647;
			files = (
				27E60CA12357FA060047F60A /* LaunchScreen.storyboard in Resources */,
				27E60C9E2357FA060047F60A /* Assets.xcassets in Resources */,
				27E60C9C2357FA050047F60A /* Main.storyboard in Resources */,
			);
			runOnlyForDeploymentPostprocessing = 0;
		};
/* End PBXResourcesBuildPhase section */

/* Begin PBXShellScriptBuildPhase section */
		99905BC3B7AD09F1853AB696 /* [CP] Embed Pods Frameworks */ = {
			isa = PBXShellScriptBuildPhase;
			buildActionMask = 2147483647;
			files = (
			);
			inputFileListPaths = (
				"${PODS_ROOT}/Target Support Files/Pods-Todoey/Pods-Todoey-frameworks-${CONFIGURATION}-input-files.xcfilelist",
			);
			name = "[CP] Embed Pods Frameworks";
			outputFileListPaths = (
				"${PODS_ROOT}/Target Support Files/Pods-Todoey/Pods-Todoey-frameworks-${CONFIGURATION}-output-files.xcfilelist",
			);
			runOnlyForDeploymentPostprocessing = 0;
			shellPath = /bin/sh;
			shellScript = "\"${PODS_ROOT}/Target Support Files/Pods-Todoey/Pods-Todoey-frameworks.sh\"\n";
			showEnvVarsInLog = 0;
		};
		BCE05D55BB1D31DFF6AB5DA4 /* [CP] Check Pods Manifest.lock */ = {
			isa = PBXShellScriptBuildPhase;
			buildActionMask = 2147483647;
			files = (
			);
			inputFileListPaths = (
			);
			inputPaths = (
				"${PODS_PODFILE_DIR_PATH}/Podfile.lock",
				"${PODS_ROOT}/Manifest.lock",
			);
			name = "[CP] Check Pods Manifest.lock";
			outputFileListPaths = (
			);
			outputPaths = (
				"$(DERIVED_FILE_DIR)/Pods-Todoey-checkManifestLockResult.txt",
			);
			runOnlyForDeploymentPostprocessing = 0;
			shellPath = /bin/sh;
			shellScript = "diff \"${PODS_PODFILE_DIR_PATH}/Podfile.lock\" \"${PODS_ROOT}/Manifest.lock\" > /dev/null\nif [ $? != 0 ] ; then\n    # print error to STDERR\n    echo \"error: The sandbox is not in sync with the Podfile.lock. Run 'pod install' or update your CocoaPods installation.\" >&2\n    exit 1\nfi\n# This output is used by Xcode 'outputs' to avoid re-running this script phase.\necho \"SUCCESS\" > \"${SCRIPT_OUTPUT_FILE_0}\"\n";
			showEnvVarsInLog = 0;
		};
/* End PBXShellScriptBuildPhase section */

/* Begin PBXSourcesBuildPhase section */
		27E60C8D2357FA050047F60A /* Sources */ = {
			isa = PBXSourcesBuildPhase;
			buildActionMask = 2147483647;
			files = (
				27966970236139EA001704CB /* DataModel.xcdatamodeld in Sources */,
				270DF7AD236BD05600311FBB /* Data.swift in Sources */,
				27E60C992357FA050047F60A /* TodoListViewController.swift in Sources */,
				27B129002367E745004655D0 /* CategoryTableViewController.swift in Sources */,
				27E60C952357FA050047F60A /* AppDelegate.swift in Sources */,
				27E60C972357FA050047F60A /* SceneDelegate.swift in Sources */,
			);
			runOnlyForDeploymentPostprocessing = 0;
		};
/* End PBXSourcesBuildPhase section */

/* Begin PBXVariantGroup section */
		27E60C9A2357FA050047F60A /* Main.storyboard */ = {
			isa = PBXVariantGroup;
			children = (
				27E60C9B2357FA050047F60A /* Base */,
			);
			name = Main.storyboard;
			sourceTree = "<group>";
		};
		27E60C9F2357FA060047F60A /* LaunchScreen.storyboard */ = {
			isa = PBXVariantGroup;
			children = (
				27E60CA02357FA060047F60A /* Base */,
			);
			name = LaunchScreen.storyboard;
			sourceTree = "<group>";
		};
/* End PBXVariantGroup section */

/* Begin XCBuildConfiguration section */
		27E60CA32357FA060047F60A /* Debug */ = {
			isa = XCBuildConfiguration;
			buildSettings = {
				ALWAYS_SEARCH_USER_PATHS = NO;
				CLANG_ANALYZER_NONNULL = YES;
				CLANG_ANALYZER_NUMBER_OBJECT_CONVERSION = YES_AGGRESSIVE;
				CLANG_CXX_LANGUAGE_STANDARD = "gnu++14";
				CLANG_CXX_LIBRARY = "libc++";
				CLANG_ENABLE_MODULES = YES;
				CLANG_ENABLE_OBJC_ARC = YES;
				CLANG_ENABLE_OBJC_WEAK = YES;
				CLANG_WARN_BLOCK_CAPTURE_AUTORELEASING = YES;
				CLANG_WARN_BOOL_CONVERSION = YES;
				CLANG_WARN_COMMA = YES;
				CLANG_WARN_CONSTANT_CONVERSION = YES;
				CLANG_WARN_DEPRECATED_OBJC_IMPLEMENTATIONS = YES;
				CLANG_WARN_DIRECT_OBJC_ISA_USAGE = YES_ERROR;
				CLANG_WARN_DOCUMENTATION_COMMENTS = YES;
				CLANG_WARN_EMPTY_BODY = YES;
				CLANG_WARN_ENUM_CONVERSION = YES;
				CLANG_WARN_INFINITE_RECURSION = YES;
				CLANG_WARN_INT_CONVERSION = YES;
				CLANG_WARN_NON_LITERAL_NULL_CONVERSION = YES;
				CLANG_WARN_OBJC_IMPLICIT_RETAIN_SELF = YES;
				CLANG_WARN_OBJC_LITERAL_CONVERSION = YES;
				CLANG_WARN_OBJC_ROOT_CLASS = YES_ERROR;
				CLANG_WARN_RANGE_LOOP_ANALYSIS = YES;
				CLANG_WARN_STRICT_PROTOTYPES = YES;
				CLANG_WARN_SUSPICIOUS_MOVE = YES;
				CLANG_WARN_UNGUARDED_AVAILABILITY = YES_AGGRESSIVE;
				CLANG_WARN_UNREACHABLE_CODE = YES;
				CLANG_WARN__DUPLICATE_METHOD_MATCH = YES;
				COPY_PHASE_STRIP = NO;
				DEBUG_INFORMATION_FORMAT = dwarf;
				ENABLE_STRICT_OBJC_MSGSEND = YES;
				ENABLE_TESTABILITY = YES;
				GCC_C_LANGUAGE_STANDARD = gnu11;
				GCC_DYNAMIC_NO_PIC = NO;
				GCC_NO_COMMON_BLOCKS = YES;
				GCC_OPTIMIZATION_LEVEL = 0;
				GCC_PREPROCESSOR_DEFINITIONS = (
					"DEBUG=1",
					"$(inherited)",
				);
				GCC_WARN_64_TO_32_BIT_CONVERSION = YES;
				GCC_WARN_ABOUT_RETURN_TYPE = YES_ERROR;
				GCC_WARN_UNDECLARED_SELECTOR = YES;
				GCC_WARN_UNINITIALIZED_AUTOS = YES_AGGRESSIVE;
				GCC_WARN_UNUSED_FUNCTION = YES;
				GCC_WARN_UNUSED_VARIABLE = YES;
				IPHONEOS_DEPLOYMENT_TARGET = 13.1;
				MTL_ENABLE_DEBUG_INFO = INCLUDE_SOURCE;
				MTL_FAST_MATH = YES;
				ONLY_ACTIVE_ARCH = YES;
				SDKROOT = iphoneos;
				SWIFT_ACTIVE_COMPILATION_CONDITIONS = DEBUG;
				SWIFT_OPTIMIZATION_LEVEL = "-Onone";
			};
			name = Debug;
		};
		27E60CA42357FA060047F60A /* Release */ = {
			isa = XCBuildConfiguration;
			buildSettings = {
				ALWAYS_SEARCH_USER_PATHS = NO;
				CLANG_ANALYZER_NONNULL = YES;
				CLANG_ANALYZER_NUMBER_OBJECT_CONVERSION = YES_AGGRESSIVE;
				CLANG_CXX_LANGUAGE_STANDARD = "gnu++14";
				CLANG_CXX_LIBRARY = "libc++";
				CLANG_ENABLE_MODULES = YES;
				CLANG_ENABLE_OBJC_ARC = YES;
				CLANG_ENABLE_OBJC_WEAK = YES;
				CLANG_WARN_BLOCK_CAPTURE_AUTORELEASING = YES;
				CLANG_WARN_BOOL_CONVERSION = YES;
				CLANG_WARN_COMMA = YES;
				CLANG_WARN_CONSTANT_CONVERSION = YES;
				CLANG_WARN_DEPRECATED_OBJC_IMPLEMENTATIONS = YES;
				CLANG_WARN_DIRECT_OBJC_ISA_USAGE = YES_ERROR;
				CLANG_WARN_DOCUMENTATION_COMMENTS = YES;
				CLANG_WARN_EMPTY_BODY = YES;
				CLANG_WARN_ENUM_CONVERSION = YES;
				CLANG_WARN_INFINITE_RECURSION = YES;
				CLANG_WARN_INT_CONVERSION = YES;
				CLANG_WARN_NON_LITERAL_NULL_CONVERSION = YES;
				CLANG_WARN_OBJC_IMPLICIT_RETAIN_SELF = YES;
				CLANG_WARN_OBJC_LITERAL_CONVERSION = YES;
				CLANG_WARN_OBJC_ROOT_CLASS = YES_ERROR;
				CLANG_WARN_RANGE_LOOP_ANALYSIS = YES;
				CLANG_WARN_STRICT_PROTOTYPES = YES;
				CLANG_WARN_SUSPICIOUS_MOVE = YES;
				CLANG_WARN_UNGUARDED_AVAILABILITY = YES_AGGRESSIVE;
				CLANG_WARN_UNREACHABLE_CODE = YES;
				CLANG_WARN__DUPLICATE_METHOD_MATCH = YES;
				COPY_PHASE_STRIP = NO;
				DEBUG_INFORMATION_FORMAT = "dwarf-with-dsym";
				ENABLE_NS_ASSERTIONS = NO;
				ENABLE_STRICT_OBJC_MSGSEND = YES;
				GCC_C_LANGUAGE_STANDARD = gnu11;
				GCC_NO_COMMON_BLOCKS = YES;
				GCC_WARN_64_TO_32_BIT_CONVERSION = YES;
				GCC_WARN_ABOUT_RETURN_TYPE = YES_ERROR;
				GCC_WARN_UNDECLARED_SELECTOR = YES;
				GCC_WARN_UNINITIALIZED_AUTOS = YES_AGGRESSIVE;
				GCC_WARN_UNUSED_FUNCTION = YES;
				GCC_WARN_UNUSED_VARIABLE = YES;
				IPHONEOS_DEPLOYMENT_TARGET = 13.1;
				MTL_ENABLE_DEBUG_INFO = NO;
				MTL_FAST_MATH = YES;
				SDKROOT = iphoneos;
				SWIFT_COMPILATION_MODE = wholemodule;
				SWIFT_OPTIMIZATION_LEVEL = "-O";
				VALIDATE_PRODUCT = YES;
			};
			name = Release;
		};
		27E60CA62357FA060047F60A /* Debug */ = {
			isa = XCBuildConfiguration;
			baseConfigurationReference = 8B6FB544F7CF29B876E48BFF /* Pods-Todoey.debug.xcconfig */;
			buildSettings = {
				ASSETCATALOG_COMPILER_APPICON_NAME = AppIcon;
				CODE_SIGN_STYLE = Automatic;
				INFOPLIST_FILE = Todoey/Info.plist;
				LD_RUNPATH_SEARCH_PATHS = (
					"$(inherited)",
					"@executable_path/Frameworks",
				);
				PRODUCT_BUNDLE_IDENTIFIER = com.samlopez.Todoey;
				PRODUCT_NAME = "$(TARGET_NAME)";
				SWIFT_VERSION = 5.0;
				TARGETED_DEVICE_FAMILY = "1,2";
			};
			name = Debug;
		};
		27E60CA72357FA060047F60A /* Release */ = {
			isa = XCBuildConfiguration;
			baseConfigurationReference = 286AA81201179DA32B153C5D /* Pods-Todoey.release.xcconfig */;
			buildSettings = {
				ASSETCATALOG_COMPILER_APPICON_NAME = AppIcon;
				CODE_SIGN_STYLE = Automatic;
				INFOPLIST_FILE = Todoey/Info.plist;
				LD_RUNPATH_SEARCH_PATHS = (
					"$(inherited)",
					"@executable_path/Frameworks",
				);
				PRODUCT_BUNDLE_IDENTIFIER = com.samlopez.Todoey;
				PRODUCT_NAME = "$(TARGET_NAME)";
				SWIFT_VERSION = 5.0;
				TARGETED_DEVICE_FAMILY = "1,2";
			};
			name = Release;
		};
/* End XCBuildConfiguration section */

/* Begin XCConfigurationList section */
		27E60C8C2357FA050047F60A /* Build configuration list for PBXProject "Todoey" */ = {
			isa = XCConfigurationList;
			buildConfigurations = (
				27E60CA32357FA060047F60A /* Debug */,
				27E60CA42357FA060047F60A /* Release */,
			);
			defaultConfigurationIsVisible = 0;
			defaultConfigurationName = Release;
		};
		27E60CA52357FA060047F60A /* Build configuration list for PBXNativeTarget "Todoey" */ = {
			isa = XCConfigurationList;
			buildConfigurations = (
				27E60CA62357FA060047F60A /* Debug */,
				27E60CA72357FA060047F60A /* Release */,
			);
			defaultConfigurationIsVisible = 0;
			defaultConfigurationName = Release;
		};
/* End XCConfigurationList section */

/* Begin XCVersionGroup section */
		2796696E236139EA001704CB /* DataModel.xcdatamodeld */ = {
			isa = XCVersionGroup;
			children = (
				2796696F236139EA001704CB /* DataModel.xcdatamodel */,
			);
			currentVersion = 2796696F236139EA001704CB /* DataModel.xcdatamodel */;
			path = DataModel.xcdatamodeld;
			sourceTree = "<group>";
			versionGroupType = wrapper.xcdatamodel;
		};
/* End XCVersionGroup section */
	};
	rootObject = 27E60C892357FA050047F60A /* Project object */;
}
